{
    "name": "@project-planner/shared-schema",
    "version": "1.0.0",
    "lockfileVersion": 3,
    "requires": true,
    "packages": {
        "": {
            "name": "@project-planner/shared-schema",
            "version": "1.0.0",
            "license": "ISC",
            "dependencies": {
                "@date-fns/utc": "^1.2.0",
                "date-fns": "^3.6.0",
                "zod": "^3.23.8"
            }
        },
        "node_modules/@date-fns/utc": {
            "version": "1.2.0",
            "resolved": "https://registry.npmjs.org/@date-fns/utc/-/utc-1.2.0.tgz",
            "integrity": "sha512-YLq+crMPJiBmIdkRmv9nZuZy1mVtMlDcUKlg4mvI0UsC/dZeIaGoGB5p/C4FrpeOhZ7zBTK03T58S0DFkRNMnw==",
            "license": "MIT"
        },
        "node_modules/date-fns": {
            "version": "3.6.0",
            "resolved": "https://registry.npmjs.org/date-fns/-/date-fns-3.6.0.tgz",
            "integrity": "sha512-fRHTG8g/Gif+kSh50gaGEdToemgfj74aRX3swtiouboip5JDLAyDE9F11nHMIcvOaXeOC6D7SpNhi7uFyB7Uww==",
            "license": "MIT",
            "funding": {
                "type": "github",
                "url": "https://github.com/sponsors/kossnocorp"
            }
        },
        "node_modules/zod": {
            "version": "3.23.8",
            "resolved": "https://registry.npmjs.org/zod/-/zod-3.23.8.tgz",
            "integrity": "sha512-XBx9AXhXktjUqnepgTiE5flcKIYWi/rme0Eaj+5Y0lftuGBq+jyRu/md4WnuxqgP1ubdpNCsYEYPxrzVHD8d6g==",
            "license": "MIT",
            "funding": {
                "url": "https://github.com/sponsors/colinhacks"
            }
        }
    }
}
