{
    "name": "@project-planner/shared-schema",
    "version": "1.0.0",
    "lockfileVersion": 3,
    "requires": true,
    "packages": {
        "": {
            "name": "@project-planner/shared-schema",
            "version": "1.0.0",
            "license": "ISC",
            "dependencies": {
                "@date-fns/utc": "^1.2.0",
                "date-fns": "^3.6.0",
                "zod": "^3.23.8"
            },
            "devDependencies": {
                "esbuild": "^0.23.0",
                "tsx": "^4.16.2"
            }
        },
        "node_modules/@date-fns/utc": {
            "version": "1.2.0",
            "resolved": "https://registry.npmjs.org/@date-fns/utc/-/utc-1.2.0.tgz",
            "integrity": "sha512-YLq+crMPJiBmIdkRmv9nZuZy1mVtMlDcUKlg4mvI0UsC/dZeIaGoGB5p/C4FrpeOhZ7zBTK03T58S0DFkRNMnw==",
            "license": "MIT"
        },
        "node_modules/@esbuild/win32-x64": {
            "version": "0.23.0",
            "resolved": "https://registry.npmjs.org/@esbuild/win32-x64/-/win32-x64-0.23.0.tgz",
            "integrity": "sha512-Arm+WgUFLUATuoxCJcahGuk6Yj9Pzxd6l11Zb/2aAuv5kWWvvfhLFo2fni4uSK5vzlUdCGZ/BdV5tH8klj8p8g==",
            "cpu": [
                "x64"
            ],
            "dev": true,
            "license": "MIT",
            "optional": true,
            "os": [
                "win32"
            ],
            "engines": {
                "node": ">=18"
            }
        },
        "node_modules/date-fns": {
            "version": "3.6.0",
            "resolved": "https://registry.npmjs.org/date-fns/-/date-fns-3.6.0.tgz",
            "integrity": "sha512-fRHTG8g/Gif+kSh50gaGEdToemgfj74aRX3swtiouboip5JDLAyDE9F11nHMIcvOaXeOC6D7SpNhi7uFyB7Uww==",
            "license": "MIT",
            "funding": {
                "type": "github",
                "url": "https://github.com/sponsors/kossnocorp"
            }
        },
        "node_modules/esbuild": {
            "version": "0.23.0",
            "resolved": "https://registry.npmjs.org/esbuild/-/esbuild-0.23.0.tgz",
            "integrity": "sha512-1lvV17H2bMYda/WaFb2jLPeHU3zml2k4/yagNMG8Q/YtfMjCwEUZa2eXXMgZTVSL5q1n4H7sQ0X6CdJDqqeCFA==",
            "dev": true,
            "hasInstallScript": true,
            "license": "MIT",
            "bin": {
                "esbuild": "bin/esbuild"
            },
            "engines": {
                "node": ">=18"
            },
            "optionalDependencies": {
                "@esbuild/aix-ppc64": "0.23.0",
                "@esbuild/android-arm": "0.23.0",
                "@esbuild/android-arm64": "0.23.0",
                "@esbuild/android-x64": "0.23.0",
                "@esbuild/darwin-arm64": "0.23.0",
                "@esbuild/darwin-x64": "0.23.0",
                "@esbuild/freebsd-arm64": "0.23.0",
                "@esbuild/freebsd-x64": "0.23.0",
                "@esbuild/linux-arm": "0.23.0",
                "@esbuild/linux-arm64": "0.23.0",
                "@esbuild/linux-ia32": "0.23.0",
                "@esbuild/linux-loong64": "0.23.0",
                "@esbuild/linux-mips64el": "0.23.0",
                "@esbuild/linux-ppc64": "0.23.0",
                "@esbuild/linux-riscv64": "0.23.0",
                "@esbuild/linux-s390x": "0.23.0",
                "@esbuild/linux-x64": "0.23.0",
                "@esbuild/netbsd-x64": "0.23.0",
                "@esbuild/openbsd-arm64": "0.23.0",
                "@esbuild/openbsd-x64": "0.23.0",
                "@esbuild/sunos-x64": "0.23.0",
                "@esbuild/win32-arm64": "0.23.0",
                "@esbuild/win32-ia32": "0.23.0",
                "@esbuild/win32-x64": "0.23.0"
            }
        },
        "node_modules/get-tsconfig": {
            "version": "4.7.5",
            "resolved": "https://registry.npmjs.org/get-tsconfig/-/get-tsconfig-4.7.5.tgz",
            "integrity": "sha512-ZCuZCnlqNzjb4QprAzXKdpp/gh6KTxSJuw3IBsPnV/7fV4NxC9ckB+vPTt8w7fJA0TaSD7c55BR47JD6MEDyDw==",
            "dev": true,
            "license": "MIT",
            "dependencies": {
                "resolve-pkg-maps": "^1.0.0"
            },
            "funding": {
                "url": "https://github.com/privatenumber/get-tsconfig?sponsor=1"
            }
        },
        "node_modules/resolve-pkg-maps": {
            "version": "1.0.0",
            "resolved": "https://registry.npmjs.org/resolve-pkg-maps/-/resolve-pkg-maps-1.0.0.tgz",
            "integrity": "sha512-seS2Tj26TBVOC2NIc2rOe2y2ZO7efxITtLZcGSOnHHNOQ7CkiUBfw0Iw2ck6xkIhPwLhKNLS8BO+hEpngQlqzw==",
            "dev": true,
            "license": "MIT",
            "funding": {
                "url": "https://github.com/privatenumber/resolve-pkg-maps?sponsor=1"
            }
        },
        "node_modules/tsx": {
            "version": "4.16.2",
            "resolved": "https://registry.npmjs.org/tsx/-/tsx-4.16.2.tgz",
            "integrity": "sha512-C1uWweJDgdtX2x600HjaFaucXTilT7tgUZHbOE4+ypskZ1OP8CRCSDkCxG6Vya9EwaFIVagWwpaVAn5wzypaqQ==",
            "dev": true,
            "license": "MIT",
            "dependencies": {
                "esbuild": "~0.21.5",
                "get-tsconfig": "^4.7.5"
            },
            "bin": {
                "tsx": "dist/cli.mjs"
            },
            "engines": {
                "node": ">=18.0.0"
            },
            "optionalDependencies": {
                "fsevents": "~2.3.3"
            }
        },
        "node_modules/tsx/node_modules/@esbuild/win32-x64": {
            "version": "0.21.5",
            "resolved": "https://registry.npmjs.org/@esbuild/win32-x64/-/win32-x64-0.21.5.tgz",
            "integrity": "sha512-tQd/1efJuzPC6rCFwEvLtci/xNFcTZknmXs98FYDfGE4wP9ClFV98nyKrzJKVPMhdDnjzLhdUyMX4PsQAPjwIw==",
            "cpu": [
                "x64"
            ],
            "dev": true,
            "license": "MIT",
            "optional": true,
            "os": [
                "win32"
            ],
            "engines": {
                "node": ">=12"
            }
        },
        "node_modules/tsx/node_modules/esbuild": {
            "version": "0.21.5",
            "resolved": "https://registry.npmjs.org/esbuild/-/esbuild-0.21.5.tgz",
            "integrity": "sha512-mg3OPMV4hXywwpoDxu3Qda5xCKQi+vCTZq8S9J/EpkhB2HzKXq4SNFZE3+NK93JYxc8VMSep+lOUSC/RVKaBqw==",
            "dev": true,
            "hasInstallScript": true,
            "license": "MIT",
            "bin": {
                "esbuild": "bin/esbuild"
            },
            "engines": {
                "node": ">=12"
            },
            "optionalDependencies": {
                "@esbuild/aix-ppc64": "0.21.5",
                "@esbuild/android-arm": "0.21.5",
                "@esbuild/android-arm64": "0.21.5",
                "@esbuild/android-x64": "0.21.5",
                "@esbuild/darwin-arm64": "0.21.5",
                "@esbuild/darwin-x64": "0.21.5",
                "@esbuild/freebsd-arm64": "0.21.5",
                "@esbuild/freebsd-x64": "0.21.5",
                "@esbuild/linux-arm": "0.21.5",
                "@esbuild/linux-arm64": "0.21.5",
                "@esbuild/linux-ia32": "0.21.5",
                "@esbuild/linux-loong64": "0.21.5",
                "@esbuild/linux-mips64el": "0.21.5",
                "@esbuild/linux-ppc64": "0.21.5",
                "@esbuild/linux-riscv64": "0.21.5",
                "@esbuild/linux-s390x": "0.21.5",
                "@esbuild/linux-x64": "0.21.5",
                "@esbuild/netbsd-x64": "0.21.5",
                "@esbuild/openbsd-x64": "0.21.5",
                "@esbuild/sunos-x64": "0.21.5",
                "@esbuild/win32-arm64": "0.21.5",
                "@esbuild/win32-ia32": "0.21.5",
                "@esbuild/win32-x64": "0.21.5"
            }
        },
        "node_modules/zod": {
            "version": "3.23.8",
            "resolved": "https://registry.npmjs.org/zod/-/zod-3.23.8.tgz",
            "integrity": "sha512-XBx9AXhXktjUqnepgTiE5flcKIYWi/rme0Eaj+5Y0lftuGBq+jyRu/md4WnuxqgP1ubdpNCsYEYPxrzVHD8d6g==",
            "license": "MIT",
            "funding": {
                "url": "https://github.com/sponsors/colinhacks"
            }
        }
    }
}
